
Microsoft Visual Studio Solution File, Format Version 12.00
# Visual Studio Version 16
VisualStudioVersion = 16.0.30104.148
MinimumVisualStudioVersion = 10.0.40219.1
Project("{FAE04EC0-301F-11D3-BF4B-00C04F79EFBC}") = "TestClientService", "TestClientService\TestClientService.csproj", "{2C89DFA7-3609-4F4D-A8CE-630D911FE3B3}"
EndProject
Global
	GlobalSection(SolutionConfigurationPlatforms) = preSolution
		Debug|Any CPU = Debug|Any CPU
		Release|Any CPU = Release|Any CPU
	EndGlobalSection
	GlobalSection(ProjectConfigurationPlatforms) = postSolution
		{2C89DFA7-3609-4F4D-A8CE-630D911FE3B3}.Debug|Any CPU.ActiveCfg = Debug|Any CPU
		{2C89DFA7-3609-4F4D-A8CE-630D911FE3B3}.Debug|Any CPU.Build.0 = Debug|Any CPU
		{2C89DFA7-3609-4F4D-A8CE-630D911FE3B3}.Release|Any CPU.ActiveCfg = Release|Any CPU
		{2C89DFA7-3609-4F4D-A8CE-630D911FE3B3}.Release|Any CPU.Build.0 = Release|Any CPU
	EndGlobalSection
	GlobalSection(SolutionProperties) = preSolution
		HideSolutionNode = FALSE
	EndGlobalSection
	GlobalSection(ExtensibilityGlobals) = postSolution
		SolutionGuid = {5DE59A38-E5DD-454B-BEAD-447D29582685}
	EndGlobalSection
EndGlobal
